
Microsoft Visual Studio Solution File, Format Version 12.00
# Visual Studio Version 17
VisualStudioVersion = 17.4.33205.214
MinimumVisualStudioVersion = 10.0.40219.1
Project("{FAE04EC0-301F-11D3-BF4B-00C04F79EFBC}") = "Calculator Project", "Calculator Project.csproj", "{5AD44859-8B14-45FA-A06C-197A32C5ECCE}"
EndProject
Project("{FAE04EC0-301F-11D3-BF4B-00C04F79EFBC}") = "Calculator ProjectTests", "..\Calculator ProjectTests\Calculator ProjectTests.csproj", "{ADA13510-7100-4D5F-8962-AB5300F30C03}"
EndProject
Global
	GlobalSection(SolutionConfigurationPlatforms) = preSolution
		Debug|Any CPU = Debug|Any CPU
		Release|Any CPU = Release|Any CPU
	EndGlobalSection
	GlobalSection(ProjectConfigurationPlatforms) = postSolution
		{5AD44859-8B14-45FA-A06C-197A32C5ECCE}.Debug|Any CPU.ActiveCfg = Release|Any CPU
		{5AD44859-8B14-45FA-A06C-197A32C5ECCE}.Debug|Any CPU.Build.0 = Release|Any CPU
		{5AD44859-8B14-45FA-A06C-197A32C5ECCE}.Release|Any CPU.ActiveCfg = Release|Any CPU
		{5AD44859-8B14-45FA-A06C-197A32C5ECCE}.Release|Any CPU.Build.0 = Release|Any CPU
		{ADA13510-7100-4D5F-8962-AB5300F30C03}.Debug|Any CPU.ActiveCfg = Debug|Any CPU
		{ADA13510-7100-4D5F-8962-AB5300F30C03}.Debug|Any CPU.Build.0 = Debug|Any CPU
		{ADA13510-7100-4D5F-8962-AB5300F30C03}.Release|Any CPU.ActiveCfg = Release|Any CPU
		{ADA13510-7100-4D5F-8962-AB5300F30C03}.Release|Any CPU.Build.0 = Release|Any CPU
	EndGlobalSection
	GlobalSection(SolutionProperties) = preSolution
		HideSolutionNode = FALSE
	EndGlobalSection
	GlobalSection(ExtensibilityGlobals) = postSolution
		SolutionGuid = {D2FE06F0-7F4C-4508-B861-42E0A574454C}
	EndGlobalSection
EndGlobal
